// !$*UTF8*$!
{
	archiveVersion = 1;
	classes = {
	};
	objectVersion = 46;
	objects = {

/* Begin PBXBuildFile section */
		EE23A05B13C5E7AC000F9CFE /* UIKit.framework in Frameworks */ = {isa = PBXBuildFile; fileRef = EE23A05A13C5E7AC000F9CFE /* UIKit.framework */; };
		EE23A05D13C5E7AC000F9CFE /* Foundation.framework in Frameworks */ = {isa = PBXBuildFile; fileRef = EE23A05C13C5E7AC000F9CFE /* Foundation.framework */; };
		EE23A05F13C5E7AC000F9CFE /* CoreGraphics.framework in Frameworks */ = {isa = PBXBuildFile; fileRef = EE23A05E13C5E7AC000F9CFE /* CoreGraphics.framework */; };
		EE23A06513C5E7AC000F9CFE /* InfoPlist.strings in Resources */ = {isa = PBXBuildFile; fileRef = EE23A06313C5E7AC000F9CFE /* InfoPlist.strings */; };
		EE23A06813C5E7AC000F9CFE /* main.m in Sources */ = {isa = PBXBuildFile; fileRef = EE23A06713C5E7AC000F9CFE /* main.m */; };
		EE23A06B13C5E7AC000F9CFE /* AppDelegate.m in Sources */ = {isa = PBXBuildFile; fileRef = EE23A06A13C5E7AC000F9CFE /* AppDelegate.m */; };
		EE23A06E13C5E7AC000F9CFE /* MainWindow.xib in Resources */ = {isa = PBXBuildFile; fileRef = EE23A06C13C5E7AC000F9CFE /* MainWindow.xib */; };
		EEB449EF13C5FAD900823893 /* TableViewController.m in Sources */ = {isa = PBXBuildFile; fileRef = EEB449EE13C5FAD900823893 /* TableViewController.m */; };
/* End PBXBuildFile section */

/* Begin PBXFileReference section */
		EE23A05613C5E7AC000F9CFE /* PartialTable.app */ = {isa = PBXFileReference; explicitFileType = wrapper.application; includeInIndex = 0; path = PartialTable.app; sourceTree = BUILT_PRODUCTS_DIR; };
		EE23A05A13C5E7AC000F9CFE /* UIKit.framework */ = {isa = PBXFileReference; lastKnownFileType = wrapper.framework; name = UIKit.framework; path = System/Library/Frameworks/UIKit.framework; sourceTree = SDKROOT; };
		EE23A05C13C5E7AC000F9CFE /* Foundation.framework */ = {isa = PBXFileReference; lastKnownFileType = wrapper.framework; name = Foundation.framework; path = System/Library/Frameworks/Foundation.framework; sourceTree = SDKROOT; };
		EE23A05E13C5E7AC000F9CFE /* CoreGraphics.framework */ = {isa = PBXFileReference; lastKnownFileType = wrapper.framework; name = CoreGraphics.framework; path = System/Library/Frameworks/CoreGraphics.framework; sourceTree = SDKROOT; };
		EE23A06213C5E7AC000F9CFE /* Info.plist */ = {isa = PBXFileReference; lastKnownFileType = text.plist.xml; path = Info.plist; sourceTree = "<group>"; };
		EE23A06413C5E7AC000F9CFE /* en */ = {isa = PBXFileReference; lastKnownFileType = text.plist.strings; name = en; path = en.lproj/InfoPlist.strings; sourceTree = "<group>"; };
		EE23A06613C5E7AC000F9CFE /* Prefix.pch */ = {isa = PBXFileReference; lastKnownFileType = sourcecode.c.h; path = Prefix.pch; sourceTree = "<group>"; };
		EE23A06713C5E7AC000F9CFE /* main.m */ = {isa = PBXFileReference; lastKnownFileType = sourcecode.c.objc; path = main.m; sourceTree = "<group>"; };
		EE23A06913C5E7AC000F9CFE /* AppDelegate.h */ = {isa = PBXFileReference; lastKnownFileType = sourcecode.c.h; path = AppDelegate.h; sourceTree = "<group>"; };
		EE23A06A13C5E7AC000F9CFE /* AppDelegate.m */ = {isa = PBXFileReference; lastKnownFileType = sourcecode.c.objc; path = AppDelegate.m; sourceTree = "<group>"; };
		EE23A06D13C5E7AC000F9CFE /* en */ = {isa = PBXFileReference; lastKnownFileType = file.xib; name = en; path = en.lproj/MainWindow.xib; sourceTree = "<group>"; };
		EEB449ED13C5FAD900823893 /* TableViewController.h */ = {isa = PBXFileReference; fileEncoding = 4; lastKnownFileType = sourcecode.c.h; path = TableViewController.h; sourceTree = "<group>"; };
		EEB449EE13C5FAD900823893 /* TableViewController.m */ = {isa = PBXFileReference; fileEncoding = 4; lastKnownFileType = sourcecode.c.objc; path = TableViewController.m; sourceTree = "<group>"; };
/* End PBXFileReference section */

/* Begin PBXFrameworksBuildPhase section */
		EE23A05313C5E7AC000F9CFE /* Frameworks */ = {
			isa = PBXFrameworksBuildPhase;
			buildActionMask = 2147483647;
			files = (
				EE23A05B13C5E7AC000F9CFE /* UIKit.framework in Frameworks */,
				EE23A05D13C5E7AC000F9CFE /* Foundation.framework in Frameworks */,
				EE23A05F13C5E7AC000F9CFE /* CoreGraphics.framework in Frameworks */,
			);
			runOnlyForDeploymentPostprocessing = 0;
		};
/* End PBXFrameworksBuildPhase section */

/* Begin PBXGroup section */
		EE23A04B13C5E7AC000F9CFE = {
			isa = PBXGroup;
			children = (
				EE23A06013C5E7AC000F9CFE /* PartialTable */,
				EE23A05913C5E7AC000F9CFE /* Frameworks */,
				EE23A05713C5E7AC000F9CFE /* Products */,
			);
			sourceTree = "<group>";
		};
		EE23A05713C5E7AC000F9CFE /* Products */ = {
			isa = PBXGroup;
			children = (
				EE23A05613C5E7AC000F9CFE /* PartialTable.app */,
			);
			name = Products;
			sourceTree = "<group>";
		};
		EE23A05913C5E7AC000F9CFE /* Frameworks */ = {
			isa = PBXGroup;
			children = (
				EE23A05A13C5E7AC000F9CFE /* UIKit.framework */,
				EE23A05C13C5E7AC000F9CFE /* Foundation.framework */,
				EE23A05E13C5E7AC000F9CFE /* CoreGraphics.framework */,
			);
			name = Frameworks;
			sourceTree = "<group>";
		};
		EE23A06013C5E7AC000F9CFE /* PartialTable */ = {
			isa = PBXGroup;
			children = (
				EE23A06913C5E7AC000F9CFE /* AppDelegate.h */,
				EE23A06A13C5E7AC000F9CFE /* AppDelegate.m */,
				EEB449ED13C5FAD900823893 /* TableViewController.h */,
				EEB449EE13C5FAD900823893 /* TableViewController.m */,
				EE23A06C13C5E7AC000F9CFE /* MainWindow.xib */,
				EE23A06113C5E7AC000F9CFE /* Supporting Files */,
			);
			path = PartialTable;
			sourceTree = "<group>";
		};
		EE23A06113C5E7AC000F9CFE /* Supporting Files */ = {
			isa = PBXGroup;
			children = (
				EE23A06213C5E7AC000F9CFE /* Info.plist */,
				EE23A06313C5E7AC000F9CFE /* InfoPlist.strings */,
				EE23A06613C5E7AC000F9CFE /* Prefix.pch */,
				EE23A06713C5E7AC000F9CFE /* main.m */,
			);
			name = "Supporting Files";
			sourceTree = "<group>";
		};
/* End PBXGroup section */

/* Begin PBXNativeTarget section */
		EE23A05513C5E7AC000F9CFE /* PartialTable */ = {
			isa = PBXNativeTarget;
			buildConfigurationList = EE23A07113C5E7AC000F9CFE /* Build configuration list for PBXNativeTarget "PartialTable" */;
			buildPhases = (
				EE23A05213C5E7AC000F9CFE /* Sources */,
				EE23A05313C5E7AC000F9CFE /* Frameworks */,
				EE23A05413C5E7AC000F9CFE /* Resources */,
			);
			buildRules = (
			);
			dependencies = (
			);
			name = PartialTable;
			productName = PartialTable;
			productReference = EE23A05613C5E7AC000F9CFE /* PartialTable.app */;
			productType = "com.apple.product-type.application";
		};
/* End PBXNativeTarget section */

/* Begin PBXProject section */
		EE23A04D13C5E7AC000F9CFE /* Project object */ = {
			isa = PBXProject;
			attributes = {
				ORGANIZATIONNAME = "Jungle Candy Software";
			};
			buildConfigurationList = EE23A05013C5E7AC000F9CFE /* Build configuration list for PBXProject "PartialTable" */;
			compatibilityVersion = "Xcode 3.2";
			developmentRegion = English;
			hasScannedForEncodings = 0;
			knownRegions = (
				en,
			);
			mainGroup = EE23A04B13C5E7AC000F9CFE;
			productRefGroup = EE23A05713C5E7AC000F9CFE /* Products */;
			projectDirPath = "";
			projectRoot = "";
			targets = (
				EE23A05513C5E7AC000F9CFE /* PartialTable */,
			);
		};
/* End PBXProject section */

/* Begin PBXResourcesBuildPhase section */
		EE23A05413C5E7AC000F9CFE /* Resources */ = {
			isa = PBXResourcesBuildPhase;
			buildActionMask = 2147483647;
			files = (
				EE23A06513C5E7AC000F9CFE /* InfoPlist.strings in Resources */,
				EE23A06E13C5E7AC000F9CFE /* MainWindow.xib in Resources */,
			);
			runOnlyForDeploymentPostprocessing = 0;
		};
/* End PBXResourcesBuildPhase section */

/* Begin PBXSourcesBuildPhase section */
		EE23A05213C5E7AC000F9CFE /* Sources */ = {
			isa = PBXSourcesBuildPhase;
			buildActionMask = 2147483647;
			files = (
				EE23A06813C5E7AC000F9CFE /* main.m in Sources */,
				EE23A06B13C5E7AC000F9CFE /* AppDelegate.m in Sources */,
				EEB449EF13C5FAD900823893 /* TableViewController.m in Sources */,
			);
			runOnlyForDeploymentPostprocessing = 0;
		};
/* End PBXSourcesBuildPhase section */

/* Begin PBXVariantGroup section */
		EE23A06313C5E7AC000F9CFE /* InfoPlist.strings */ = {
			isa = PBXVariantGroup;
			children = (
				EE23A06413C5E7AC000F9CFE /* en */,
			);
			name = InfoPlist.strings;
			sourceTree = "<group>";
		};
		EE23A06C13C5E7AC000F9CFE /* MainWindow.xib */ = {
			isa = PBXVariantGroup;
			children = (
				EE23A06D13C5E7AC000F9CFE /* en */,
			);
			name = MainWindow.xib;
			sourceTree = "<group>";
		};
/* End PBXVariantGroup section */

/* Begin XCBuildConfiguration section */
		EE23A06F13C5E7AC000F9CFE /* Debug */ = {
			isa = XCBuildConfiguration;
			buildSettings = {
				ARCHS = "$(ARCHS_STANDARD_32_BIT)";
				"CODE_SIGN_IDENTITY[sdk=iphoneos*]" = "iPhone Developer";
				GCC_C_LANGUAGE_STANDARD = gnu99;
				GCC_OPTIMIZATION_LEVEL = 0;
				GCC_PREPROCESSOR_DEFINITIONS = DEBUG;
				GCC_SYMBOLS_PRIVATE_EXTERN = NO;
				GCC_VERSION = com.apple.compilers.llvm.clang.1_0;
				GCC_WARN_ABOUT_RETURN_TYPE = YES;
				GCC_WARN_UNUSED_VARIABLE = YES;
				IPHONEOS_DEPLOYMENT_TARGET = 4.3;
				RUN_CLANG_STATIC_ANALYZER = YES;
				SDKROOT = iphoneos;
			};
			name = Debug;
		};
		EE23A07013C5E7AC000F9CFE /* Release */ = {
			isa = XCBuildConfiguration;
			buildSettings = {
				ARCHS = "$(ARCHS_STANDARD_32_BIT)";
				"CODE_SIGN_IDENTITY[sdk=iphoneos*]" = "iPhone Developer";
				GCC_C_LANGUAGE_STANDARD = gnu99;
				GCC_VERSION = com.apple.compilers.llvm.clang.1_0;
				GCC_WARN_ABOUT_RETURN_TYPE = YES;
				GCC_WARN_UNUSED_VARIABLE = YES;
				IPHONEOS_DEPLOYMENT_TARGET = 4.3;
				OTHER_CFLAGS = "-DNS_BLOCK_ASSERTIONS=1";
				RUN_CLANG_STATIC_ANALYZER = YES;
				SDKROOT = iphoneos;
			};
			name = Release;
		};
		EE23A07213C5E7AC000F9CFE /* Debug */ = {
			isa = XCBuildConfiguration;
			buildSettings = {
				ALWAYS_SEARCH_USER_PATHS = NO;
				CLANG_ENABLE_OBJC_ARC = YES;
				COPY_PHASE_STRIP = NO;
				GCC_DYNAMIC_NO_PIC = NO;
				GCC_PRECOMPILE_PREFIX_HEADER = YES;
				GCC_PREFIX_HEADER = PartialTable/Prefix.pch;
				INFOPLIST_FILE = PartialTable/Info.plist;
				IPHONEOS_DEPLOYMENT_TARGET = 5.0;
				PRODUCT_NAME = "$(TARGET_NAME)";
				WRAPPER_EXTENSION = app;
			};
			name = Debug;
		};
		EE23A07313C5E7AC000F9CFE /* Release */ = {
			isa = XCBuildConfiguration;
			buildSettings = {
				ALWAYS_SEARCH_USER_PATHS = NO;
				CLANG_ENABLE_OBJC_ARC = YES;
				COPY_PHASE_STRIP = YES;
				GCC_PRECOMPILE_PREFIX_HEADER = YES;
				GCC_PREFIX_HEADER = PartialTable/Prefix.pch;
				INFOPLIST_FILE = PartialTable/Info.plist;
				IPHONEOS_DEPLOYMENT_TARGET = 5.0;
				PRODUCT_NAME = "$(TARGET_NAME)";
				VALIDATE_PRODUCT = YES;
				WRAPPER_EXTENSION = app;
			};
			name = Release;
		};
/* End XCBuildConfiguration section */

/* Begin XCConfigurationList section */
		EE23A05013C5E7AC000F9CFE /* Build configuration list for PBXProject "PartialTable" */ = {
			isa = XCConfigurationList;
			buildConfigurations = (
				EE23A06F13C5E7AC000F9CFE /* Debug */,
				EE23A07013C5E7AC000F9CFE /* Release */,
			);
			defaultConfigurationIsVisible = 0;
			defaultConfigurationName = Release;
		};
		EE23A07113C5E7AC000F9CFE /* Build configuration list for PBXNativeTarget "PartialTable" */ = {
			isa = XCConfigurationList;
			buildConfigurations = (
				EE23A07213C5E7AC000F9CFE /* Debug */,
				EE23A07313C5E7AC000F9CFE /* Release */,
			);
			defaultConfigurationIsVisible = 0;
			defaultConfigurationName = Release;
		};
/* End XCConfigurationList section */
	};
	rootObject = EE23A04D13C5E7AC000F9CFE /* Project object */;
}
